
Microsoft Visual Studio Solution File, Format Version 12.00
# Visual Studio 15
VisualStudioVersion = 15.0.26730.16
MinimumVisualStudioVersion = 10.0.40219.1
Project("{FAE04EC0-301F-11D3-BF4B-00C04F79EFBC}") = "Onboarding Experience", "Onboarding Experience\Onboarding Experience.csproj", "{46CAB434-AA66-4F2D-810C-2BF070DD689D}"
EndProject
Global
	GlobalSection(SolutionConfigurationPlatforms) = preSolution
		Debug|Any CPU = Debug|Any CPU
		Release|Any CPU = Release|Any CPU
	EndGlobalSection
	GlobalSection(ProjectConfigurationPlatforms) = postSolution
		{46CAB434-AA66-4F2D-810C-2BF070DD689D}.Debug|Any CPU.ActiveCfg = Debug|Any CPU
		{46CAB434-AA66-4F2D-810C-2BF070DD689D}.Debug|Any CPU.Build.0 = Debug|Any CPU
		{46CAB434-AA66-4F2D-810C-2BF070DD689D}.Release|Any CPU.ActiveCfg = Release|Any CPU
		{46CAB434-AA66-4F2D-810C-2BF070DD689D}.Release|Any CPU.Build.0 = Release|Any CPU
	EndGlobalSection
	GlobalSection(SolutionProperties) = preSolution
		HideSolutionNode = FALSE
	EndGlobalSection
	GlobalSection(ExtensibilityGlobals) = postSolution
		SolutionGuid = {BC81D198-C577-4C9E-ADBD-F1B0B02D5585}
	EndGlobalSection
EndGlobal
